
Microsoft Visual Studio Solution File, Format Version 12.00
# Visual Studio Version 17
VisualStudioVersion = 17.1.32407.343
MinimumVisualStudioVersion = 10.0.40219.1
Project("{FAE04EC0-301F-11D3-BF4B-00C04F79EFBC}") = "Vidly", "Vidly.csproj", "{854F574F-61AC-47E3-A89B-DD8EADCE0875}"
EndProject
Global
	GlobalSection(SolutionConfigurationPlatforms) = preSolution
		Debug|Any CPU = Debug|Any CPU
		Release|Any CPU = Release|Any CPU
	EndGlobalSection
	GlobalSection(ProjectConfigurationPlatforms) = postSolution
		{854F574F-61AC-47E3-A89B-DD8EADCE0875}.Debug|Any CPU.ActiveCfg = Debug|Any CPU
		{854F574F-61AC-47E3-A89B-DD8EADCE0875}.Debug|Any CPU.Build.0 = Debug|Any CPU
		{854F574F-61AC-47E3-A89B-DD8EADCE0875}.Release|Any CPU.ActiveCfg = Release|Any CPU
		{854F574F-61AC-47E3-A89B-DD8EADCE0875}.Release|Any CPU.Build.0 = Release|Any CPU
	EndGlobalSection
	GlobalSection(SolutionProperties) = preSolution
		HideSolutionNode = FALSE
	EndGlobalSection
	GlobalSection(ExtensibilityGlobals) = postSolution
		SolutionGuid = {2A96270D-477B-42DC-A64A-7732EE26FF74}
	EndGlobalSection
EndGlobal
